version = 1
revision = 1
requires-python = ">=3.11"

[[package]]
name = "ia-utils"
version = "0.1.0"
source = { editable = "." }
dependencies = [
    { name = "pydantic" },
]

[package.optional-dependencies]
dev = [
    { name = "pytest" },
]

[[package]]
name = "pydantic"
version = "2.9.2"
source = { registry = "https://pypi.org/simple" }

[[package]]
name = "pytest"
version = "8.3.3"
source = { registry = "https://pypi.org/simple" }
